
Microsoft Visual Studio Solution File, Format Version 10.00
# Visual C++ Express 2008
Project("{8BC9CEB8-8B4A-11D0-8D11-00A0C91BC942}") = "WinPrograms", "WinPrograms\WinPrograms.vcproj", "{01D80EEB-BF63-4296-8679-EF169F0A0DAB}"
EndProject
Global
	GlobalSection(SolutionConfigurationPlatforms) = preSolution
		Debug|Win32 = Debug|Win32
		Release|Win32 = Release|Win32
	EndGlobalSection
	GlobalSection(ProjectConfigurationPlatforms) = postSolution
		{01D80EEB-BF63-4296-8679-EF169F0A0DAB}.Debug|Win32.ActiveCfg = Debug|Win32
		{01D80EEB-BF63-4296-8679-EF169F0A0DAB}.Debug|Win32.Build.0 = Debug|Win32
		{01D80EEB-BF63-4296-8679-EF169F0A0DAB}.Release|Win32.ActiveCfg = Release|Win32
		{01D80EEB-BF63-4296-8679-EF169F0A0DAB}.Release|Win32.Build.0 = Release|Win32
	EndGlobalSection
	GlobalSection(SolutionProperties) = preSolution
		HideSolutionNode = FALSE
	EndGlobalSection
EndGlobal
